# This file is automatically @generated by Cargo.
# It is not intended for manual editing.
version = 4

[[package]]
name = "naive"
version = "0.1.0"

[[package]]
name = "segmented"
version = "0.1.0"

[[package]]
name = "segmented_wheel235"
version = "0.1.0"

[[package]]
name = "segmented_wheel235_div"
version = "0.1.0"

[[package]]
name = "wheel235"
version = "0.1.0"
